
Microsoft Visual Studio Solution File, Format Version 12.00
# Visual Studio Version 17
VisualStudioVersion = 17.14.36301.6 d17.14
MinimumVisualStudioVersion = 10.0.40219.1
Project("{FAE04EC0-301F-11D3-BF4B-00C04F79EFBC}") = "BenchlyBackend", "BenchlyBackend\BenchlyBackend.csproj", "{914E4ECC-7029-43D6-99A6-C606BA7FBFA6}"
EndProject
Global
	GlobalSection(SolutionConfigurationPlatforms) = preSolution
		Debug|Any CPU = Debug|Any CPU
		Release|Any CPU = Release|Any CPU
	EndGlobalSection
	GlobalSection(ProjectConfigurationPlatforms) = postSolution
		{914E4ECC-7029-43D6-99A6-C606BA7FBFA6}.Debug|Any CPU.ActiveCfg = Debug|Any CPU
		{914E4ECC-7029-43D6-99A6-C606BA7FBFA6}.Debug|Any CPU.Build.0 = Debug|Any CPU
		{914E4ECC-7029-43D6-99A6-C606BA7FBFA6}.Release|Any CPU.ActiveCfg = Release|Any CPU
		{914E4ECC-7029-43D6-99A6-C606BA7FBFA6}.Release|Any CPU.Build.0 = Release|Any CPU
	EndGlobalSection
	GlobalSection(SolutionProperties) = preSolution
		HideSolutionNode = FALSE
	EndGlobalSection
	GlobalSection(ExtensibilityGlobals) = postSolution
		SolutionGuid = {42EBEAF3-4141-4724-8596-D69938F65B07}
	EndGlobalSection
EndGlobal
